
Microsoft Visual Studio Solution File, Format Version 12.00
# Visual Studio Version 16
VisualStudioVersion = 16.0.31112.23
MinimumVisualStudioVersion = 10.0.40219.1
Project("{9A19103F-16F7-4668-BE54-9A1E7A4F7556}") = "Calculator", "Calculator\Calculator.csproj", "{CAD07930-7248-435D-9603-C62FC61BB608}"
EndProject
Project("{9A19103F-16F7-4668-BE54-9A1E7A4F7556}") = "ConsoleApp1", "ConsoleApp1\ConsoleApp1.csproj", "{555F74F9-1F40-4D1D-B083-7C3400A66341}"
EndProject
Project("{9A19103F-16F7-4668-BE54-9A1E7A4F7556}") = "UserApp", "UserApp\UserApp.csproj", "{B31E832B-C81A-4E78-B070-311D786C9DD9}"
EndProject
Project("{9A19103F-16F7-4668-BE54-9A1E7A4F7556}") = "WpfAppTutorial", "WpfAppTutorial\WpfAppTutorial.csproj", "{9DAC4A7D-98EF-4FA6-8E97-6B2CE5CA1BFC}"
EndProject
Project("{FAE04EC0-301F-11D3-BF4B-00C04F79EFBC}") = "Async", "Async\Async.csproj", "{BFDAD8FE-4130-4D5D-82AC-AAAC0D497D69}"
EndProject
Project("{FAE04EC0-301F-11D3-BF4B-00C04F79EFBC}") = "ThreadExamples", "Thread\ThreadExamples.csproj", "{7D0F362F-97ED-4C07-A4EC-6AF6481BEFCE}"
EndProject
Project("{FAE04EC0-301F-11D3-BF4B-00C04F79EFBC}") = "ReadWriteAsync", "ReadWriteAsync\ReadWriteAsync.csproj", "{80396F4D-F84A-4474-AF50-7D5410ED98EC}"
EndProject
Project("{2150E333-8FDC-42A3-9474-1A3956D46DE8}") = "ParallelProgramming", "ParallelProgramming", "{E7753E63-C3F3-4FEB-BDF8-70BE92F95AB6}"
EndProject
Global
	GlobalSection(SolutionConfigurationPlatforms) = preSolution
		Debug|Any CPU = Debug|Any CPU
		Release|Any CPU = Release|Any CPU
	EndGlobalSection
	GlobalSection(ProjectConfigurationPlatforms) = postSolution
		{CAD07930-7248-435D-9603-C62FC61BB608}.Debug|Any CPU.ActiveCfg = Debug|Any CPU
		{CAD07930-7248-435D-9603-C62FC61BB608}.Release|Any CPU.ActiveCfg = Release|Any CPU
		{CAD07930-7248-435D-9603-C62FC61BB608}.Release|Any CPU.Build.0 = Release|Any CPU
		{555F74F9-1F40-4D1D-B083-7C3400A66341}.Debug|Any CPU.ActiveCfg = Debug|Any CPU
		{555F74F9-1F40-4D1D-B083-7C3400A66341}.Release|Any CPU.ActiveCfg = Release|Any CPU
		{555F74F9-1F40-4D1D-B083-7C3400A66341}.Release|Any CPU.Build.0 = Release|Any CPU
		{B31E832B-C81A-4E78-B070-311D786C9DD9}.Debug|Any CPU.ActiveCfg = Debug|Any CPU
		{B31E832B-C81A-4E78-B070-311D786C9DD9}.Release|Any CPU.ActiveCfg = Release|Any CPU
		{B31E832B-C81A-4E78-B070-311D786C9DD9}.Release|Any CPU.Build.0 = Release|Any CPU
		{9DAC4A7D-98EF-4FA6-8E97-6B2CE5CA1BFC}.Debug|Any CPU.ActiveCfg = Debug|Any CPU
		{9DAC4A7D-98EF-4FA6-8E97-6B2CE5CA1BFC}.Release|Any CPU.ActiveCfg = Release|Any CPU
		{9DAC4A7D-98EF-4FA6-8E97-6B2CE5CA1BFC}.Release|Any CPU.Build.0 = Release|Any CPU
		{BFDAD8FE-4130-4D5D-82AC-AAAC0D497D69}.Debug|Any CPU.ActiveCfg = Debug|Any CPU
		{BFDAD8FE-4130-4D5D-82AC-AAAC0D497D69}.Debug|Any CPU.Build.0 = Debug|Any CPU
		{BFDAD8FE-4130-4D5D-82AC-AAAC0D497D69}.Release|Any CPU.ActiveCfg = Release|Any CPU
		{BFDAD8FE-4130-4D5D-82AC-AAAC0D497D69}.Release|Any CPU.Build.0 = Release|Any CPU
		{7D0F362F-97ED-4C07-A4EC-6AF6481BEFCE}.Debug|Any CPU.ActiveCfg = Debug|Any CPU
		{7D0F362F-97ED-4C07-A4EC-6AF6481BEFCE}.Release|Any CPU.ActiveCfg = Release|Any CPU
		{7D0F362F-97ED-4C07-A4EC-6AF6481BEFCE}.Release|Any CPU.Build.0 = Release|Any CPU
		{80396F4D-F84A-4474-AF50-7D5410ED98EC}.Debug|Any CPU.ActiveCfg = Debug|Any CPU
		{80396F4D-F84A-4474-AF50-7D5410ED98EC}.Release|Any CPU.ActiveCfg = Release|Any CPU
		{80396F4D-F84A-4474-AF50-7D5410ED98EC}.Release|Any CPU.Build.0 = Release|Any CPU
	EndGlobalSection
	GlobalSection(SolutionProperties) = preSolution
		HideSolutionNode = FALSE
	EndGlobalSection
	GlobalSection(NestedProjects) = preSolution
		{BFDAD8FE-4130-4D5D-82AC-AAAC0D497D69} = {E7753E63-C3F3-4FEB-BDF8-70BE92F95AB6}
		{7D0F362F-97ED-4C07-A4EC-6AF6481BEFCE} = {E7753E63-C3F3-4FEB-BDF8-70BE92F95AB6}
		{80396F4D-F84A-4474-AF50-7D5410ED98EC} = {E7753E63-C3F3-4FEB-BDF8-70BE92F95AB6}
	EndGlobalSection
	GlobalSection(ExtensibilityGlobals) = postSolution
		SolutionGuid = {D7D5C6E3-38ED-46A6-902B-418FEEA1E2CC}
	EndGlobalSection
EndGlobal
