
Microsoft Visual Studio Solution File, Format Version 12.00
# Visual Studio Version 16
VisualStudioVersion = 16.0.31005.135
MinimumVisualStudioVersion = 10.0.40219.1
Project("{FAE04EC0-301F-11D3-BF4B-00C04F79EFBC}") = "ConsoleApp1", "ConsoleApp1\ConsoleApp1.csproj", "{3B23893B-3E59-4207-AFA7-CE9803B9ABC4}"
EndProject
Global
	GlobalSection(SolutionConfigurationPlatforms) = preSolution
		Debug|Any CPU = Debug|Any CPU
		Release|Any CPU = Release|Any CPU
	EndGlobalSection
	GlobalSection(ProjectConfigurationPlatforms) = postSolution
		{3B23893B-3E59-4207-AFA7-CE9803B9ABC4}.Debug|Any CPU.ActiveCfg = Debug|Any CPU
		{3B23893B-3E59-4207-AFA7-CE9803B9ABC4}.Debug|Any CPU.Build.0 = Debug|Any CPU
		{3B23893B-3E59-4207-AFA7-CE9803B9ABC4}.Release|Any CPU.ActiveCfg = Release|Any CPU
		{3B23893B-3E59-4207-AFA7-CE9803B9ABC4}.Release|Any CPU.Build.0 = Release|Any CPU
	EndGlobalSection
	GlobalSection(SolutionProperties) = preSolution
		HideSolutionNode = FALSE
	EndGlobalSection
	GlobalSection(ExtensibilityGlobals) = postSolution
		SolutionGuid = {C27984BF-5E56-464F-BF3E-426112B0309C}
	EndGlobalSection
EndGlobal
